
Microsoft Visual Studio Solution File, Format Version 12.00
# Visual Studio 15
VisualStudioVersion = 15.0.28307.705
MinimumVisualStudioVersion = 10.0.40219.1
Project("{FAE04EC0-301F-11D3-BF4B-00C04F79EFBC}") = "PSWorkerService", "PSWorkerService\PSWorkerService.csproj", "{68E228B0-E7AC-4608-86BF-07723CDEEC07}"
EndProject
Global
	GlobalSection(SolutionConfigurationPlatforms) = preSolution
		Debug|Any CPU = Debug|Any CPU
		Release|Any CPU = Release|Any CPU
	EndGlobalSection
	GlobalSection(ProjectConfigurationPlatforms) = postSolution
		{68E228B0-E7AC-4608-86BF-07723CDEEC07}.Debug|Any CPU.ActiveCfg = Debug|Any CPU
		{68E228B0-E7AC-4608-86BF-07723CDEEC07}.Debug|Any CPU.Build.0 = Debug|Any CPU
		{68E228B0-E7AC-4608-86BF-07723CDEEC07}.Release|Any CPU.ActiveCfg = Release|Any CPU
		{68E228B0-E7AC-4608-86BF-07723CDEEC07}.Release|Any CPU.Build.0 = Release|Any CPU
	EndGlobalSection
	GlobalSection(SolutionProperties) = preSolution
		HideSolutionNode = FALSE
	EndGlobalSection
	GlobalSection(ExtensibilityGlobals) = postSolution
		SolutionGuid = {8C2F7B2C-95B6-4077-A29E-4A92F43D47F4}
	EndGlobalSection
EndGlobal
